
Microsoft Visual Studio Solution File, Format Version 12.00
# Visual Studio Version 17
VisualStudioVersion = 17.10.35122.118
MinimumVisualStudioVersion = 10.0.40219.1
Project("{2150E333-8FDC-42A3-9474-1A3956D46DE8}") = "Services", "Services", "{768586A2-ABBA-4FF6-9588-2A341AB08E58}"
EndProject
Project("{2150E333-8FDC-42A3-9474-1A3956D46DE8}") = "Catalog", "Catalog", "{9F829E57-ACCB-4F69-87F9-DCB0BBC71B55}"
EndProject
Project("{9A19103F-16F7-4668-BE54-9A1E7A4F7556}") = "Catalog.API", "Services\Catalog\Catalog.API\Catalog.API.csproj", "{48496294-B6AE-4AF6-A126-4D106AE262A0}"
EndProject
Project("{2150E333-8FDC-42A3-9474-1A3956D46DE8}") = "BuildingBlocks", "BuildingBlocks", "{D713BB85-E910-4010-89D7-556A8B639DD3}"
EndProject
Project("{9A19103F-16F7-4668-BE54-9A1E7A4F7556}") = "BuildingBlocks", "BuildingBlocks\BuildingBlocks\BuildingBlocks.csproj", "{1112ED7E-B2A8-4A48-82A9-BDFB9BAC8FAC}"
EndProject
Project("{E53339B2-1760-4266-BCC7-CA923CBCF16C}") = "docker-compose", "docker-compose.dcproj", "{2E5AD3F9-F5B8-4EB4-86C9-130AB9E00B50}"
EndProject
Project("{2150E333-8FDC-42A3-9474-1A3956D46DE8}") = "Basket", "Basket", "{94416627-A99F-40EF-B7D3-667C677255FC}"
EndProject
Project("{9A19103F-16F7-4668-BE54-9A1E7A4F7556}") = "Basket.API", "Services\Basket\Basket.API\Basket.API.csproj", "{19DB88F3-C685-48C0-9A5A-BE0CE1C7827C}"
EndProject
Project("{2150E333-8FDC-42A3-9474-1A3956D46DE8}") = "Discount", "Discount", "{FC5711F6-19F8-44F6-AA66-498BD4E583AB}"
EndProject
Project("{9A19103F-16F7-4668-BE54-9A1E7A4F7556}") = "Discount.Grpc", "Services\Discount\Discount.Grpc\Discount.Grpc.csproj", "{0FE32FE3-F038-4CF0-94F7-71A2D1776B9B}"
EndProject
Project("{2150E333-8FDC-42A3-9474-1A3956D46DE8}") = "Ordering", "Ordering", "{B0DEC48B-CF4C-4543-AFFD-BFC0ED5BE5A8}"
EndProject
Project("{FAE04EC0-301F-11D3-BF4B-00C04F79EFBC}") = "Ordering.API", "Services\Ordering\Ordering.API\Ordering.API.csproj", "{4DB8B8DC-9859-474D-91BA-983EB5474CF9}"
EndProject
Project("{FAE04EC0-301F-11D3-BF4B-00C04F79EFBC}") = "Ordering.Domain", "Services\Ordering\Ordering.Domain\Ordering.Domain.csproj", "{2BEE9654-E821-4B68-A259-F4A80EB167FE}"
EndProject
Project("{FAE04EC0-301F-11D3-BF4B-00C04F79EFBC}") = "Ordering.Application", "Services\Ordering\Ordering.Application\Ordering.Application.csproj", "{201FBF21-6B18-4F8B-B014-B25C21C27F2C}"
EndProject
Project("{FAE04EC0-301F-11D3-BF4B-00C04F79EFBC}") = "Ordering.Infrastructure", "Services\Ordering\Ordering.Infrastructure\Ordering.Infrastructure.csproj", "{220564F7-7555-4845-9868-DFA50C08CE31}"
EndProject
Global
	GlobalSection(SolutionConfigurationPlatforms) = preSolution
		Debug|Any CPU = Debug|Any CPU
		Release|Any CPU = Release|Any CPU
	EndGlobalSection
	GlobalSection(ProjectConfigurationPlatforms) = postSolution
		{48496294-B6AE-4AF6-A126-4D106AE262A0}.Debug|Any CPU.ActiveCfg = Debug|Any CPU
		{48496294-B6AE-4AF6-A126-4D106AE262A0}.Debug|Any CPU.Build.0 = Debug|Any CPU
		{48496294-B6AE-4AF6-A126-4D106AE262A0}.Release|Any CPU.ActiveCfg = Release|Any CPU
		{48496294-B6AE-4AF6-A126-4D106AE262A0}.Release|Any CPU.Build.0 = Release|Any CPU
		{1112ED7E-B2A8-4A48-82A9-BDFB9BAC8FAC}.Debug|Any CPU.ActiveCfg = Debug|Any CPU
		{1112ED7E-B2A8-4A48-82A9-BDFB9BAC8FAC}.Debug|Any CPU.Build.0 = Debug|Any CPU
		{1112ED7E-B2A8-4A48-82A9-BDFB9BAC8FAC}.Release|Any CPU.ActiveCfg = Release|Any CPU
		{1112ED7E-B2A8-4A48-82A9-BDFB9BAC8FAC}.Release|Any CPU.Build.0 = Release|Any CPU
		{2E5AD3F9-F5B8-4EB4-86C9-130AB9E00B50}.Debug|Any CPU.ActiveCfg = Debug|Any CPU
		{2E5AD3F9-F5B8-4EB4-86C9-130AB9E00B50}.Debug|Any CPU.Build.0 = Debug|Any CPU
		{2E5AD3F9-F5B8-4EB4-86C9-130AB9E00B50}.Release|Any CPU.ActiveCfg = Release|Any CPU
		{2E5AD3F9-F5B8-4EB4-86C9-130AB9E00B50}.Release|Any CPU.Build.0 = Release|Any CPU
		{19DB88F3-C685-48C0-9A5A-BE0CE1C7827C}.Debug|Any CPU.ActiveCfg = Debug|Any CPU
		{19DB88F3-C685-48C0-9A5A-BE0CE1C7827C}.Debug|Any CPU.Build.0 = Debug|Any CPU
		{19DB88F3-C685-48C0-9A5A-BE0CE1C7827C}.Release|Any CPU.ActiveCfg = Release|Any CPU
		{19DB88F3-C685-48C0-9A5A-BE0CE1C7827C}.Release|Any CPU.Build.0 = Release|Any CPU
		{0FE32FE3-F038-4CF0-94F7-71A2D1776B9B}.Debug|Any CPU.ActiveCfg = Debug|Any CPU
		{0FE32FE3-F038-4CF0-94F7-71A2D1776B9B}.Debug|Any CPU.Build.0 = Debug|Any CPU
		{0FE32FE3-F038-4CF0-94F7-71A2D1776B9B}.Release|Any CPU.ActiveCfg = Release|Any CPU
		{0FE32FE3-F038-4CF0-94F7-71A2D1776B9B}.Release|Any CPU.Build.0 = Release|Any CPU
		{4DB8B8DC-9859-474D-91BA-983EB5474CF9}.Debug|Any CPU.ActiveCfg = Debug|Any CPU
		{4DB8B8DC-9859-474D-91BA-983EB5474CF9}.Debug|Any CPU.Build.0 = Debug|Any CPU
		{4DB8B8DC-9859-474D-91BA-983EB5474CF9}.Release|Any CPU.ActiveCfg = Release|Any CPU
		{4DB8B8DC-9859-474D-91BA-983EB5474CF9}.Release|Any CPU.Build.0 = Release|Any CPU
		{2BEE9654-E821-4B68-A259-F4A80EB167FE}.Debug|Any CPU.ActiveCfg = Debug|Any CPU
		{2BEE9654-E821-4B68-A259-F4A80EB167FE}.Debug|Any CPU.Build.0 = Debug|Any CPU
		{2BEE9654-E821-4B68-A259-F4A80EB167FE}.Release|Any CPU.ActiveCfg = Release|Any CPU
		{2BEE9654-E821-4B68-A259-F4A80EB167FE}.Release|Any CPU.Build.0 = Release|Any CPU
		{201FBF21-6B18-4F8B-B014-B25C21C27F2C}.Debug|Any CPU.ActiveCfg = Debug|Any CPU
		{201FBF21-6B18-4F8B-B014-B25C21C27F2C}.Debug|Any CPU.Build.0 = Debug|Any CPU
		{201FBF21-6B18-4F8B-B014-B25C21C27F2C}.Release|Any CPU.ActiveCfg = Release|Any CPU
		{201FBF21-6B18-4F8B-B014-B25C21C27F2C}.Release|Any CPU.Build.0 = Release|Any CPU
		{220564F7-7555-4845-9868-DFA50C08CE31}.Debug|Any CPU.ActiveCfg = Debug|Any CPU
		{220564F7-7555-4845-9868-DFA50C08CE31}.Debug|Any CPU.Build.0 = Debug|Any CPU
		{220564F7-7555-4845-9868-DFA50C08CE31}.Release|Any CPU.ActiveCfg = Release|Any CPU
		{220564F7-7555-4845-9868-DFA50C08CE31}.Release|Any CPU.Build.0 = Release|Any CPU
	EndGlobalSection
	GlobalSection(SolutionProperties) = preSolution
		HideSolutionNode = FALSE
	EndGlobalSection
	GlobalSection(NestedProjects) = preSolution
		{9F829E57-ACCB-4F69-87F9-DCB0BBC71B55} = {768586A2-ABBA-4FF6-9588-2A341AB08E58}
		{48496294-B6AE-4AF6-A126-4D106AE262A0} = {9F829E57-ACCB-4F69-87F9-DCB0BBC71B55}
		{1112ED7E-B2A8-4A48-82A9-BDFB9BAC8FAC} = {D713BB85-E910-4010-89D7-556A8B639DD3}
		{94416627-A99F-40EF-B7D3-667C677255FC} = {768586A2-ABBA-4FF6-9588-2A341AB08E58}
		{19DB88F3-C685-48C0-9A5A-BE0CE1C7827C} = {94416627-A99F-40EF-B7D3-667C677255FC}
		{FC5711F6-19F8-44F6-AA66-498BD4E583AB} = {768586A2-ABBA-4FF6-9588-2A341AB08E58}
		{0FE32FE3-F038-4CF0-94F7-71A2D1776B9B} = {FC5711F6-19F8-44F6-AA66-498BD4E583AB}
		{B0DEC48B-CF4C-4543-AFFD-BFC0ED5BE5A8} = {768586A2-ABBA-4FF6-9588-2A341AB08E58}
		{4DB8B8DC-9859-474D-91BA-983EB5474CF9} = {B0DEC48B-CF4C-4543-AFFD-BFC0ED5BE5A8}
		{2BEE9654-E821-4B68-A259-F4A80EB167FE} = {B0DEC48B-CF4C-4543-AFFD-BFC0ED5BE5A8}
		{201FBF21-6B18-4F8B-B014-B25C21C27F2C} = {B0DEC48B-CF4C-4543-AFFD-BFC0ED5BE5A8}
		{220564F7-7555-4845-9868-DFA50C08CE31} = {B0DEC48B-CF4C-4543-AFFD-BFC0ED5BE5A8}
	EndGlobalSection
	GlobalSection(ExtensibilityGlobals) = postSolution
		SolutionGuid = {3FA2FA9F-AA28-402F-B264-13BB85355CB1}
	EndGlobalSection
EndGlobal
